{
  "https://niafmdtam5fgm1cs.public.blob.vercel-storage.com/dog3-FiGUVJn48jSel38f7XgYBsnu5a6gRb.mp4": { "integrity": "sha512-tQMe7iDWmB1CqtsrectwkQCxAL1V//GNmLHLSGWTo8W9B2KrZEn4V3ACRSRlCz4zqiwlA6Ft6LiO9ccej5brOQ==", "contentType": "video/mp4" },
  "https://niafmdtam5fgm1cs.public.blob.vercel-storage.com/dog3-iX3dykANT3DP1JQelhXRhDeY4zhlyd.mp4": { "integrity": "sha512-tQMe7iDWmB1CqtsrectwkQCxAL1V//GNmLHLSGWTo8W9B2KrZEn4V3ACRSRlCz4zqiwlA6Ft6LiO9ccej5brOQ==", "contentType": "video/mp4" },
  "version": 1
}
